{
  "name": "yoloProject",
  "lockfileVersion": 3,
  "requires": true,
  "packages": {
    "": {
      "dependencies": {
        "supervision": "^0.0.9000"
      }
    },
    "node_modules/supervision": {
      "version": "0.0.9000",
      "resolved": "https://registry.npmjs.org/supervision/-/supervision-0.0.9000.tgz",
      "integrity": "sha512-Ao/DMVfYz9Pm7qfQnWJbA/U+sPtN6PrZbOt6908OojOppo5QNupSaIYd95d8NjzSBD94wxCkddYlWjvwNgaYWw==",
      "license": "MIT"
    }
  }
}
